
Microsoft Visual Studio Solution File, Format Version 12.00
# Visual Studio 15
VisualStudioVersion = 15.0.28307.1738
MinimumVisualStudioVersion = 10.0.40219.1
Project("{FAE04EC0-301F-11D3-BF4B-00C04F79EFBC}") = "WebAspNet", "WebAspNet\WebAspNet.csproj", "{445FB8B0-DE84-42E8-AC85-03FA60179D08}"
EndProject
Global
	GlobalSection(SolutionConfigurationPlatforms) = preSolution
		Debug|Any CPU = Debug|Any CPU
		Release|Any CPU = Release|Any CPU
	EndGlobalSection
	GlobalSection(ProjectConfigurationPlatforms) = postSolution
		{445FB8B0-DE84-42E8-AC85-03FA60179D08}.Debug|Any CPU.ActiveCfg = Debug|Any CPU
		{445FB8B0-DE84-42E8-AC85-03FA60179D08}.Debug|Any CPU.Build.0 = Debug|Any CPU
		{445FB8B0-DE84-42E8-AC85-03FA60179D08}.Release|Any CPU.ActiveCfg = Release|Any CPU
		{445FB8B0-DE84-42E8-AC85-03FA60179D08}.Release|Any CPU.Build.0 = Release|Any CPU
	EndGlobalSection
	GlobalSection(SolutionProperties) = preSolution
		HideSolutionNode = FALSE
	EndGlobalSection
	GlobalSection(ExtensibilityGlobals) = postSolution
		SolutionGuid = {6FE420ED-657D-4136-98D2-0C01D3D7C451}
	EndGlobalSection
EndGlobal
